
Microsoft Visual Studio Solution File, Format Version 12.00
# Visual Studio 14
VisualStudioVersion = 14.0.25420.1
MinimumVisualStudioVersion = 10.0.40219.1
Project("{FAE04EC0-301F-11D3-BF4B-00C04F79EFBC}") = "Questionnaires", "Questionnaires\Questionnaires.csproj", "{460A8CA0-D3E0-4655-AF28-99FE11146A14}"
EndProject
Project("{FAE04EC0-301F-11D3-BF4B-00C04F79EFBC}") = "Tests", "Tests\Tests.csproj", "{58E661D6-E0F1-4E9E-94A0-75DF3C02346A}"
EndProject
Global
	GlobalSection(SolutionConfigurationPlatforms) = preSolution
		Debug|Any CPU = Debug|Any CPU
		Release|Any CPU = Release|Any CPU
	EndGlobalSection
	GlobalSection(ProjectConfigurationPlatforms) = postSolution
		{460A8CA0-D3E0-4655-AF28-99FE11146A14}.Debug|Any CPU.ActiveCfg = Debug|Any CPU
		{460A8CA0-D3E0-4655-AF28-99FE11146A14}.Debug|Any CPU.Build.0 = Debug|Any CPU
		{460A8CA0-D3E0-4655-AF28-99FE11146A14}.Release|Any CPU.ActiveCfg = Release|Any CPU
		{460A8CA0-D3E0-4655-AF28-99FE11146A14}.Release|Any CPU.Build.0 = Release|Any CPU
		{58E661D6-E0F1-4E9E-94A0-75DF3C02346A}.Debug|Any CPU.ActiveCfg = Debug|Any CPU
		{58E661D6-E0F1-4E9E-94A0-75DF3C02346A}.Debug|Any CPU.Build.0 = Debug|Any CPU
		{58E661D6-E0F1-4E9E-94A0-75DF3C02346A}.Release|Any CPU.ActiveCfg = Release|Any CPU
		{58E661D6-E0F1-4E9E-94A0-75DF3C02346A}.Release|Any CPU.Build.0 = Release|Any CPU
	EndGlobalSection
	GlobalSection(SolutionProperties) = preSolution
		HideSolutionNode = FALSE
	EndGlobalSection
EndGlobal
