
Microsoft Visual Studio Solution File, Format Version 12.00
# Visual Studio 14
VisualStudioVersion = 14.0.25420.1
MinimumVisualStudioVersion = 10.0.40219.1
Project("{FAE04EC0-301F-11D3-BF4B-00C04F79EFBC}") = "DSL", "DSL\DSL.csproj", "{2DDE2110-98DA-4BF7-8128-24F571DCE008}"
EndProject
Project("{FAE04EC0-301F-11D3-BF4B-00C04F79EFBC}") = "Tests", "Tests\Tests.csproj", "{3E57DB69-7CD1-438C-87B9-FCD45B0CC777}"
EndProject
Project("{2150E333-8FDC-42A3-9474-1A3956D46DE8}") = "QL", "QL", "{14F24568-EAEB-4BCB-A367-1586FD5F7D55}"
EndProject
Global
	GlobalSection(SolutionConfigurationPlatforms) = preSolution
		Debug|Any CPU = Debug|Any CPU
		Release|Any CPU = Release|Any CPU
	EndGlobalSection
	GlobalSection(ProjectConfigurationPlatforms) = postSolution
		{2DDE2110-98DA-4BF7-8128-24F571DCE008}.Debug|Any CPU.ActiveCfg = Debug|Any CPU
		{2DDE2110-98DA-4BF7-8128-24F571DCE008}.Debug|Any CPU.Build.0 = Debug|Any CPU
		{2DDE2110-98DA-4BF7-8128-24F571DCE008}.Release|Any CPU.ActiveCfg = Release|Any CPU
		{2DDE2110-98DA-4BF7-8128-24F571DCE008}.Release|Any CPU.Build.0 = Release|Any CPU
		{3E57DB69-7CD1-438C-87B9-FCD45B0CC777}.Debug|Any CPU.ActiveCfg = Debug|Any CPU
		{3E57DB69-7CD1-438C-87B9-FCD45B0CC777}.Debug|Any CPU.Build.0 = Debug|Any CPU
		{3E57DB69-7CD1-438C-87B9-FCD45B0CC777}.Release|Any CPU.ActiveCfg = Release|Any CPU
		{3E57DB69-7CD1-438C-87B9-FCD45B0CC777}.Release|Any CPU.Build.0 = Release|Any CPU
	EndGlobalSection
	GlobalSection(SolutionProperties) = preSolution
		HideSolutionNode = FALSE
	EndGlobalSection
	GlobalSection(NestedProjects) = preSolution
		{2DDE2110-98DA-4BF7-8128-24F571DCE008} = {14F24568-EAEB-4BCB-A367-1586FD5F7D55}
	EndGlobalSection
EndGlobal
